{
  "name": "@xivapi/js",
  "version": "0.3.3",
  "lockfileVersion": 2,
  "requires": true,
  "packages": {
    "": {
      "name": "@xivapi/js",
      "version": "0.3.3",
      "license": "MIT",
      "dependencies": {
        "@root/request": "^1.7.0"
      },
      "devDependencies": {}
    },
    "node_modules/@root/request": {
      "version": "1.7.0",
      "resolved": "https://registry.npmjs.org/@root/request/-/request-1.7.0.tgz",
      "integrity": "sha512-lre7XVeEwszgyrayWWb/kRn5fuJfa+n0Nh+rflM9E+EpC28yIYA+FPm/OL1uhzp3TxhQM0HFN4FE2RDIPGlnmg=="
    }
  },
  "dependencies": {
    "@root/request": {
      "version": "1.7.0",
      "resolved": "https://registry.npmjs.org/@root/request/-/request-1.7.0.tgz",
      "integrity": "sha512-lre7XVeEwszgyrayWWb/kRn5fuJfa+n0Nh+rflM9E+EpC28yIYA+FPm/OL1uhzp3TxhQM0HFN4FE2RDIPGlnmg=="
    }
  }
}
